// !$*UTF8*$!
{
	archiveVersion = 1;
	classes = {
	};
	objectVersion = 46;
	objects = {

/* Begin PBXBuildFile section */
		AC85080C1D88C06B00CC5096 /* AppDelegate.swift in Sources */ = {isa = PBXBuildFile; fileRef = AC85080B1D88C06B00CC5096 /* AppDelegate.swift */; };
		AC85080E1D88C06B00CC5096 /* RootViewController.swift in Sources */ = {isa = PBXBuildFile; fileRef = AC85080D1D88C06B00CC5096 /* RootViewController.swift */; };
		AC8508101D88C06B00CC5096 /* DataViewController.swift in Sources */ = {isa = PBXBuildFile; fileRef = AC85080F1D88C06B00CC5096 /* DataViewController.swift */; };
		AC8508121D88C06B00CC5096 /* ModelController.swift in Sources */ = {isa = PBXBuildFile; fileRef = AC8508111D88C06B00CC5096 /* ModelController.swift */; };
		AC8508151D88C06B00CC5096 /* Main.storyboard in Resources */ = {isa = PBXBuildFile; fileRef = AC8508131D88C06B00CC5096 /* Main.storyboard */; };
		AC8508171D88C06B00CC5096 /* Assets.xcassets in Resources */ = {isa = PBXBuildFile; fileRef = AC8508161D88C06B00CC5096 /* Assets.xcassets */; };
		AC85081A1D88C06B00CC5096 /* LaunchScreen.storyboard in Resources */ = {isa = PBXBuildFile; fileRef = AC8508181D88C06B00CC5096 /* LaunchScreen.storyboard */; };
		AC8508281D88C55800CC5096 /* MonthsOfTheYearUITests.swift in Sources */ = {isa = PBXBuildFile; fileRef = AC8508271D88C55800CC5096 /* MonthsOfTheYearUITests.swift */; };
		AC8508301D88C64200CC5096 /* SnapshotHelper.swift in Sources */ = {isa = PBXBuildFile; fileRef = AC85082F1D88C64200CC5096 /* SnapshotHelper.swift */; };
/* End PBXBuildFile section */

/* Begin PBXContainerItemProxy section */
		AC85082A1D88C55800CC5096 /* PBXContainerItemProxy */ = {
			isa = PBXContainerItemProxy;
			containerPortal = AC8508001D88C06B00CC5096 /* Project object */;
			proxyType = 1;
			remoteGlobalIDString = AC8508071D88C06B00CC5096;
			remoteInfo = MonthsOfTheYear;
		};
/* End PBXContainerItemProxy section */

/* Begin PBXFileReference section */
		AC8508081D88C06B00CC5096 /* MonthsOfTheYear.app */ = {isa = PBXFileReference; explicitFileType = wrapper.application; includeInIndex = 0; path = MonthsOfTheYear.app; sourceTree = BUILT_PRODUCTS_DIR; };
		AC85080B1D88C06B00CC5096 /* AppDelegate.swift */ = {isa = PBXFileReference; lastKnownFileType = sourcecode.swift; path = AppDelegate.swift; sourceTree = "<group>"; };
		AC85080D1D88C06B00CC5096 /* RootViewController.swift */ = {isa = PBXFileReference; lastKnownFileType = sourcecode.swift; path = RootViewController.swift; sourceTree = "<group>"; };
		AC85080F1D88C06B00CC5096 /* DataViewController.swift */ = {isa = PBXFileReference; lastKnownFileType = sourcecode.swift; path = DataViewController.swift; sourceTree = "<group>"; };
		AC8508111D88C06B00CC5096 /* ModelController.swift */ = {isa = PBXFileReference; lastKnownFileType = sourcecode.swift; path = ModelController.swift; sourceTree = "<group>"; };
		AC8508141D88C06B00CC5096 /* Base */ = {isa = PBXFileReference; lastKnownFileType = file.storyboard; name = Base; path = Base.lproj/Main.storyboard; sourceTree = "<group>"; };
		AC8508161D88C06B00CC5096 /* Assets.xcassets */ = {isa = PBXFileReference; lastKnownFileType = folder.assetcatalog; path = Assets.xcassets; sourceTree = "<group>"; };
		AC8508191D88C06B00CC5096 /* Base */ = {isa = PBXFileReference; lastKnownFileType = file.storyboard; name = Base; path = Base.lproj/LaunchScreen.storyboard; sourceTree = "<group>"; };
		AC85081B1D88C06B00CC5096 /* Info.plist */ = {isa = PBXFileReference; lastKnownFileType = text.plist.xml; path = Info.plist; sourceTree = "<group>"; };
		AC8508251D88C55800CC5096 /* MonthsOfTheYearUITests.xctest */ = {isa = PBXFileReference; explicitFileType = wrapper.cfbundle; includeInIndex = 0; path = MonthsOfTheYearUITests.xctest; sourceTree = BUILT_PRODUCTS_DIR; };
		AC8508271D88C55800CC5096 /* MonthsOfTheYearUITests.swift */ = {isa = PBXFileReference; lastKnownFileType = sourcecode.swift; path = MonthsOfTheYearUITests.swift; sourceTree = "<group>"; };
		AC8508291D88C55800CC5096 /* Info.plist */ = {isa = PBXFileReference; lastKnownFileType = text.plist.xml; path = Info.plist; sourceTree = "<group>"; };
		AC85082F1D88C64200CC5096 /* SnapshotHelper.swift */ = {isa = PBXFileReference; fileEncoding = 4; lastKnownFileType = sourcecode.swift; name = SnapshotHelper.swift; path = fastlane/SnapshotHelper.swift; sourceTree = SOURCE_ROOT; };
/* End PBXFileReference section */

/* Begin PBXFrameworksBuildPhase section */
		AC8508051D88C06B00CC5096 /* Frameworks */ = {
			isa = PBXFrameworksBuildPhase;
			buildActionMask = 2147483647;
			files = (
			);
			runOnlyForDeploymentPostprocessing = 0;
		};
		AC8508221D88C55800CC5096 /* Frameworks */ = {
			isa = PBXFrameworksBuildPhase;
			buildActionMask = 2147483647;
			files = (
			);
			runOnlyForDeploymentPostprocessing = 0;
		};
/* End PBXFrameworksBuildPhase section */

/* Begin PBXGroup section */
		AC8507FF1D88C06B00CC5096 = {
			isa = PBXGroup;
			children = (
				AC85080A1D88C06B00CC5096 /* MonthsOfTheYear */,
				AC8508261D88C55800CC5096 /* MonthsOfTheYearUITests */,
				AC8508091D88C06B00CC5096 /* Products */,
			);
			sourceTree = "<group>";
		};
		AC8508091D88C06B00CC5096 /* Products */ = {
			isa = PBXGroup;
			children = (
				AC8508081D88C06B00CC5096 /* MonthsOfTheYear.app */,
				AC8508251D88C55800CC5096 /* MonthsOfTheYearUITests.xctest */,
			);
			name = Products;
			sourceTree = "<group>";
		};
		AC85080A1D88C06B00CC5096 /* MonthsOfTheYear */ = {
			isa = PBXGroup;
			children = (
				AC85080B1D88C06B00CC5096 /* AppDelegate.swift */,
				AC85080D1D88C06B00CC5096 /* RootViewController.swift */,
				AC85080F1D88C06B00CC5096 /* DataViewController.swift */,
				AC8508111D88C06B00CC5096 /* ModelController.swift */,
				AC8508131D88C06B00CC5096 /* Main.storyboard */,
				AC8508161D88C06B00CC5096 /* Assets.xcassets */,
				AC8508181D88C06B00CC5096 /* LaunchScreen.storyboard */,
				AC85081B1D88C06B00CC5096 /* Info.plist */,
			);
			path = MonthsOfTheYear;
			sourceTree = "<group>";
		};
		AC8508261D88C55800CC5096 /* MonthsOfTheYearUITests */ = {
			isa = PBXGroup;
			children = (
				AC8508271D88C55800CC5096 /* MonthsOfTheYearUITests.swift */,
				AC85082F1D88C64200CC5096 /* SnapshotHelper.swift */,
				AC8508291D88C55800CC5096 /* Info.plist */,
			);
			path = MonthsOfTheYearUITests;
			sourceTree = "<group>";
		};
/* End PBXGroup section */

/* Begin PBXNativeTarget section */
		AC8508071D88C06B00CC5096 /* MonthsOfTheYear */ = {
			isa = PBXNativeTarget;
			buildConfigurationList = AC85081E1D88C06B00CC5096 /* Build configuration list for PBXNativeTarget "MonthsOfTheYear" */;
			buildPhases = (
				AC8508041D88C06B00CC5096 /* Sources */,
				AC8508051D88C06B00CC5096 /* Frameworks */,
				AC8508061D88C06B00CC5096 /* Resources */,
			);
			buildRules = (
			);
			dependencies = (
			);
			name = MonthsOfTheYear;
			productName = MonthsOfTheYear;
			productReference = AC8508081D88C06B00CC5096 /* MonthsOfTheYear.app */;
			productType = "com.apple.product-type.application";
		};
		AC8508241D88C55800CC5096 /* MonthsOfTheYearUITests */ = {
			isa = PBXNativeTarget;
			buildConfigurationList = AC85082C1D88C55800CC5096 /* Build configuration list for PBXNativeTarget "MonthsOfTheYearUITests" */;
			buildPhases = (
				AC8508211D88C55800CC5096 /* Sources */,
				AC8508221D88C55800CC5096 /* Frameworks */,
				AC8508231D88C55800CC5096 /* Resources */,
			);
			buildRules = (
			);
			dependencies = (
				AC85082B1D88C55800CC5096 /* PBXTargetDependency */,
			);
			name = MonthsOfTheYearUITests;
			productName = MonthsOfTheYearUITests;
			productReference = AC8508251D88C55800CC5096 /* MonthsOfTheYearUITests.xctest */;
			productType = "com.apple.product-type.bundle.ui-testing";
		};
/* End PBXNativeTarget section */

/* Begin PBXProject section */
		AC8508001D88C06B00CC5096 /* Project object */ = {
			isa = PBXProject;
			attributes = {
				LastSwiftUpdateCheck = 0730;
				LastUpgradeCheck = 0730;
				ORGANIZATIONNAME = "Jon Stokes";
				TargetAttributes = {
					AC8508071D88C06B00CC5096 = {
						CreatedOnToolsVersion = 7.3;
					};
					AC8508241D88C55800CC5096 = {
						CreatedOnToolsVersion = 7.3;
						TestTargetID = AC8508071D88C06B00CC5096;
					};
				};
			};
			buildConfigurationList = AC8508031D88C06B00CC5096 /* Build configuration list for PBXProject "MonthsOfTheYear" */;
			compatibilityVersion = "Xcode 3.2";
			developmentRegion = English;
			hasScannedForEncodings = 0;
			knownRegions = (
				en,
				Base,
			);
			mainGroup = AC8507FF1D88C06B00CC5096;
			productRefGroup = AC8508091D88C06B00CC5096 /* Products */;
			projectDirPath = "";
			projectRoot = "";
			targets = (
				AC8508071D88C06B00CC5096 /* MonthsOfTheYear */,
				AC8508241D88C55800CC5096 /* MonthsOfTheYearUITests */,
			);
		};
/* End PBXProject section */

/* Begin PBXResourcesBuildPhase section */
		AC8508061D88C06B00CC5096 /* Resources */ = {
			isa = PBXResourcesBuildPhase;
			buildActionMask = 2147483647;
			files = (
				AC85081A1D88C06B00CC5096 /* LaunchScreen.storyboard in Resources */,
				AC8508171D88C06B00CC5096 /* Assets.xcassets in Resources */,
				AC8508151D88C06B00CC5096 /* Main.storyboard in Resources */,
			);
			runOnlyForDeploymentPostprocessing = 0;
		};
		AC8508231D88C55800CC5096 /* Resources */ = {
			isa = PBXResourcesBuildPhase;
			buildActionMask = 2147483647;
			files = (
			);
			runOnlyForDeploymentPostprocessing = 0;
		};
/* End PBXResourcesBuildPhase section */

/* Begin PBXSourcesBuildPhase section */
		AC8508041D88C06B00CC5096 /* Sources */ = {
			isa = PBXSourcesBuildPhase;
			buildActionMask = 2147483647;
			files = (
				AC85080E1D88C06B00CC5096 /* RootViewController.swift in Sources */,
				AC8508121D88C06B00CC5096 /* ModelController.swift in Sources */,
				AC8508101D88C06B00CC5096 /* DataViewController.swift in Sources */,
				AC85080C1D88C06B00CC5096 /* AppDelegate.swift in Sources */,
			);
			runOnlyForDeploymentPostprocessing = 0;
		};
		AC8508211D88C55800CC5096 /* Sources */ = {
			isa = PBXSourcesBuildPhase;
			buildActionMask = 2147483647;
			files = (
				AC8508281D88C55800CC5096 /* MonthsOfTheYearUITests.swift in Sources */,
				AC8508301D88C64200CC5096 /* SnapshotHelper.swift in Sources */,
			);
			runOnlyForDeploymentPostprocessing = 0;
		};
/* End PBXSourcesBuildPhase section */

/* Begin PBXTargetDependency section */
		AC85082B1D88C55800CC5096 /* PBXTargetDependency */ = {
			isa = PBXTargetDependency;
			target = AC8508071D88C06B00CC5096 /* MonthsOfTheYear */;
			targetProxy = AC85082A1D88C55800CC5096 /* PBXContainerItemProxy */;
		};
/* End PBXTargetDependency section */

/* Begin PBXVariantGroup section */
		AC8508131D88C06B00CC5096 /* Main.storyboard */ = {
			isa = PBXVariantGroup;
			children = (
				AC8508141D88C06B00CC5096 /* Base */,
			);
			name = Main.storyboard;
			sourceTree = "<group>";
		};
		AC8508181D88C06B00CC5096 /* LaunchScreen.storyboard */ = {
			isa = PBXVariantGroup;
			children = (
				AC8508191D88C06B00CC5096 /* Base */,
			);
			name = LaunchScreen.storyboard;
			sourceTree = "<group>";
		};
/* End PBXVariantGroup section */

/* Begin XCBuildConfiguration section */
		AC85081C1D88C06B00CC5096 /* Debug */ = {
			isa = XCBuildConfiguration;
			buildSettings = {
				ALWAYS_SEARCH_USER_PATHS = NO;
				CLANG_ANALYZER_NONNULL = YES;
				CLANG_CXX_LANGUAGE_STANDARD = "gnu++0x";
				CLANG_CXX_LIBRARY = "libc++";
				CLANG_ENABLE_MODULES = YES;
				CLANG_ENABLE_OBJC_ARC = YES;
				CLANG_WARN_BOOL_CONVERSION = YES;
				CLANG_WARN_CONSTANT_CONVERSION = YES;
				CLANG_WARN_DIRECT_OBJC_ISA_USAGE = YES_ERROR;
				CLANG_WARN_EMPTY_BODY = YES;
				CLANG_WARN_ENUM_CONVERSION = YES;
				CLANG_WARN_INT_CONVERSION = YES;
				CLANG_WARN_OBJC_ROOT_CLASS = YES_ERROR;
				CLANG_WARN_UNREACHABLE_CODE = YES;
				CLANG_WARN__DUPLICATE_METHOD_MATCH = YES;
				"CODE_SIGN_IDENTITY[sdk=iphoneos*]" = "iPhone Developer";
				COPY_PHASE_STRIP = NO;
				DEBUG_INFORMATION_FORMAT = dwarf;
				ENABLE_STRICT_OBJC_MSGSEND = YES;
				ENABLE_TESTABILITY = YES;
				GCC_C_LANGUAGE_STANDARD = gnu99;
				GCC_DYNAMIC_NO_PIC = NO;
				GCC_NO_COMMON_BLOCKS = YES;
				GCC_OPTIMIZATION_LEVEL = 0;
				GCC_PREPROCESSOR_DEFINITIONS = (
					"DEBUG=1",
					"$(inherited)",
				);
				GCC_WARN_64_TO_32_BIT_CONVERSION = YES;
				GCC_WARN_ABOUT_RETURN_TYPE = YES_ERROR;
				GCC_WARN_UNDECLARED_SELECTOR = YES;
				GCC_WARN_UNINITIALIZED_AUTOS = YES_AGGRESSIVE;
				GCC_WARN_UNUSED_FUNCTION = YES;
				GCC_WARN_UNUSED_VARIABLE = YES;
				IPHONEOS_DEPLOYMENT_TARGET = 9.3;
				MTL_ENABLE_DEBUG_INFO = YES;
				ONLY_ACTIVE_ARCH = YES;
				SDKROOT = iphoneos;
				SWIFT_OPTIMIZATION_LEVEL = "-Onone";
				TARGETED_DEVICE_FAMILY = "1,2";
			};
			name = Debug;
		};
		AC85081D1D88C06B00CC5096 /* Release */ = {
			isa = XCBuildConfiguration;
			buildSettings = {
				ALWAYS_SEARCH_USER_PATHS = NO;
				CLANG_ANALYZER_NONNULL = YES;
				CLANG_CXX_LANGUAGE_STANDARD = "gnu++0x";
				CLANG_CXX_LIBRARY = "libc++";
				CLANG_ENABLE_MODULES = YES;
				CLANG_ENABLE_OBJC_ARC = YES;
				CLANG_WARN_BOOL_CONVERSION = YES;
				CLANG_WARN_CONSTANT_CONVERSION = YES;
				CLANG_WARN_DIRECT_OBJC_ISA_USAGE = YES_ERROR;
				CLANG_WARN_EMPTY_BODY = YES;
				CLANG_WARN_ENUM_CONVERSION = YES;
				CLANG_WARN_INT_CONVERSION = YES;
				CLANG_WARN_OBJC_ROOT_CLASS = YES_ERROR;
				CLANG_WARN_UNREACHABLE_CODE = YES;
				CLANG_WARN__DUPLICATE_METHOD_MATCH = YES;
				"CODE_SIGN_IDENTITY[sdk=iphoneos*]" = "iPhone Developer";
				COPY_PHASE_STRIP = NO;
				DEBUG_INFORMATION_FORMAT = "dwarf-with-dsym";
				ENABLE_NS_ASSERTIONS = NO;
				ENABLE_STRICT_OBJC_MSGSEND = YES;
				GCC_C_LANGUAGE_STANDARD = gnu99;
				GCC_NO_COMMON_BLOCKS = YES;
				GCC_WARN_64_TO_32_BIT_CONVERSION = YES;
				GCC_WARN_ABOUT_RETURN_TYPE = YES_ERROR;
				GCC_WARN_UNDECLARED_SELECTOR = YES;
				GCC_WARN_UNINITIALIZED_AUTOS = YES_AGGRESSIVE;
				GCC_WARN_UNUSED_FUNCTION = YES;
				GCC_WARN_UNUSED_VARIABLE = YES;
				IPHONEOS_DEPLOYMENT_TARGET = 9.3;
				MTL_ENABLE_DEBUG_INFO = NO;
				SDKROOT = iphoneos;
				TARGETED_DEVICE_FAMILY = "1,2";
				VALIDATE_PRODUCT = YES;
			};
			name = Release;
		};
		AC85081F1D88C06B00CC5096 /* Debug */ = {
			isa = XCBuildConfiguration;
			buildSettings = {
				ASSETCATALOG_COMPILER_APPICON_NAME = AppIcon;
				INFOPLIST_FILE = MonthsOfTheYear/Info.plist;
				LD_RUNPATH_SEARCH_PATHS = "$(inherited) @executable_path/Frameworks";
				PRODUCT_BUNDLE_IDENTIFIER = JonStoked.FLTestJonStokes;
				PRODUCT_NAME = "$(TARGET_NAME)";
			};
			name = Debug;
		};
		AC8508201D88C06B00CC5096 /* Release */ = {
			isa = XCBuildConfiguration;
			buildSettings = {
				ASSETCATALOG_COMPILER_APPICON_NAME = AppIcon;
				INFOPLIST_FILE = MonthsOfTheYear/Info.plist;
				LD_RUNPATH_SEARCH_PATHS = "$(inherited) @executable_path/Frameworks";
				PRODUCT_BUNDLE_IDENTIFIER = JonStoked.FLTestJonStokes;
				PRODUCT_NAME = "$(TARGET_NAME)";
			};
			name = Release;
		};
		AC85082D1D88C55800CC5096 /* Debug */ = {
			isa = XCBuildConfiguration;
			buildSettings = {
				INFOPLIST_FILE = MonthsOfTheYearUITests/Info.plist;
				LD_RUNPATH_SEARCH_PATHS = "$(inherited) @executable_path/Frameworks @loader_path/Frameworks";
				PRODUCT_BUNDLE_IDENTIFIER = JonStoked.MonthsOfTheYearUITests;
				PRODUCT_NAME = "$(TARGET_NAME)";
				TEST_TARGET_NAME = MonthsOfTheYear;
			};
			name = Debug;
		};
		AC85082E1D88C55800CC5096 /* Release */ = {
			isa = XCBuildConfiguration;
			buildSettings = {
				INFOPLIST_FILE = MonthsOfTheYearUITests/Info.plist;
				LD_RUNPATH_SEARCH_PATHS = "$(inherited) @executable_path/Frameworks @loader_path/Frameworks";
				PRODUCT_BUNDLE_IDENTIFIER = JonStoked.MonthsOfTheYearUITests;
				PRODUCT_NAME = "$(TARGET_NAME)";
				TEST_TARGET_NAME = MonthsOfTheYear;
			};
			name = Release;
		};
/* End XCBuildConfiguration section */

/* Begin XCConfigurationList section */
		AC8508031D88C06B00CC5096 /* Build configuration list for PBXProject "MonthsOfTheYear" */ = {
			isa = XCConfigurationList;
			buildConfigurations = (
				AC85081C1D88C06B00CC5096 /* Debug */,
				AC85081D1D88C06B00CC5096 /* Release */,
			);
			defaultConfigurationIsVisible = 0;
			defaultConfigurationName = Release;
		};
		AC85081E1D88C06B00CC5096 /* Build configuration list for PBXNativeTarget "MonthsOfTheYear" */ = {
			isa = XCConfigurationList;
			buildConfigurations = (
				AC85081F1D88C06B00CC5096 /* Debug */,
				AC8508201D88C06B00CC5096 /* Release */,
			);
			defaultConfigurationIsVisible = 0;
		};
		AC85082C1D88C55800CC5096 /* Build configuration list for PBXNativeTarget "MonthsOfTheYearUITests" */ = {
			isa = XCConfigurationList;
			buildConfigurations = (
				AC85082D1D88C55800CC5096 /* Debug */,
				AC85082E1D88C55800CC5096 /* Release */,
			);
			defaultConfigurationIsVisible = 0;
		};
/* End XCConfigurationList section */
	};
	rootObject = AC8508001D88C06B00CC5096 /* Project object */;
}
